// !$*UTF8*$!
{
	archiveVersion = 1;
	classes = {
	};
	objectVersion = 50;
	objects = {

/* Begin PBXBuildFile section */
		5B07224621CCE3BC00C2831A /* AppDelegate.swift in Sources */ = {isa = PBXBuildFile; fileRef = 5B07224521CCE3BC00C2831A /* AppDelegate.swift */; };
		5B07224821CCE3BC00C2831A /* ViewController.swift in Sources */ = {isa = PBXBuildFile; fileRef = 5B07224721CCE3BC00C2831A /* ViewController.swift */; };
		5B07224A21CCE3BD00C2831A /* Assets.xcassets in Resources */ = {isa = PBXBuildFile; fileRef = 5B07224921CCE3BD00C2831A /* Assets.xcassets */; };
		5B07224D21CCE3BD00C2831A /* Main.storyboard in Resources */ = {isa = PBXBuildFile; fileRef = 5B07224B21CCE3BD00C2831A /* Main.storyboard */; };
		5B40CA3321CEA447006D38FB /* libz.tbd in Frameworks */ = {isa = PBXBuildFile; fileRef = 5B40CA3221CEA447006D38FB /* libz.tbd */; };
		5B40CA3521CEA4D4006D38FB /* WebSocket.swift in Sources */ = {isa = PBXBuildFile; fileRef = 5B40CA3421CEA4D3006D38FB /* WebSocket.swift */; };
/* End PBXBuildFile section */

/* Begin PBXFileReference section */
		5B07224221CCE3BC00C2831A /* FHIRcastAdapter_macOS.app */ = {isa = PBXFileReference; explicitFileType = wrapper.application; includeInIndex = 0; path = FHIRcastAdapter_macOS.app; sourceTree = BUILT_PRODUCTS_DIR; };
		5B07224521CCE3BC00C2831A /* AppDelegate.swift */ = {isa = PBXFileReference; lastKnownFileType = sourcecode.swift; path = AppDelegate.swift; sourceTree = "<group>"; };
		5B07224721CCE3BC00C2831A /* ViewController.swift */ = {isa = PBXFileReference; lastKnownFileType = sourcecode.swift; path = ViewController.swift; sourceTree = "<group>"; };
		5B07224921CCE3BD00C2831A /* Assets.xcassets */ = {isa = PBXFileReference; lastKnownFileType = folder.assetcatalog; path = Assets.xcassets; sourceTree = "<group>"; };
		5B07224C21CCE3BD00C2831A /* Base */ = {isa = PBXFileReference; lastKnownFileType = file.storyboard; name = Base; path = Base.lproj/Main.storyboard; sourceTree = "<group>"; };
		5B07224E21CCE3BD00C2831A /* Info.plist */ = {isa = PBXFileReference; lastKnownFileType = text.plist.xml; path = Info.plist; sourceTree = "<group>"; };
		5B07224F21CCE3BD00C2831A /* FHIRcastAdapter_macOS.entitlements */ = {isa = PBXFileReference; lastKnownFileType = text.plist.entitlements; path = FHIRcastAdapter_macOS.entitlements; sourceTree = "<group>"; };
		5B40CA3221CEA447006D38FB /* libz.tbd */ = {isa = PBXFileReference; lastKnownFileType = "sourcecode.text-based-dylib-definition"; name = libz.tbd; path = usr/lib/libz.tbd; sourceTree = SDKROOT; };
		5B40CA3421CEA4D3006D38FB /* WebSocket.swift */ = {isa = PBXFileReference; fileEncoding = 4; lastKnownFileType = sourcecode.swift; path = WebSocket.swift; sourceTree = "<group>"; };
/* End PBXFileReference section */

/* Begin PBXFrameworksBuildPhase section */
		5B07223F21CCE3BC00C2831A /* Frameworks */ = {
			isa = PBXFrameworksBuildPhase;
			buildActionMask = 2147483647;
			files = (
				5B40CA3321CEA447006D38FB /* libz.tbd in Frameworks */,
			);
			runOnlyForDeploymentPostprocessing = 0;
		};
/* End PBXFrameworksBuildPhase section */

/* Begin PBXGroup section */
		5B07223921CCE3BC00C2831A = {
			isa = PBXGroup;
			children = (
				5B07224421CCE3BC00C2831A /* FHIRcastAdapter_macOS */,
				5B07224321CCE3BC00C2831A /* Products */,
				5B40CA3121CEA447006D38FB /* Frameworks */,
			);
			sourceTree = "<group>";
		};
		5B07224321CCE3BC00C2831A /* Products */ = {
			isa = PBXGroup;
			children = (
				5B07224221CCE3BC00C2831A /* FHIRcastAdapter_macOS.app */,
			);
			name = Products;
			sourceTree = "<group>";
		};
		5B07224421CCE3BC00C2831A /* FHIRcastAdapter_macOS */ = {
			isa = PBXGroup;
			children = (
				5B40CA3421CEA4D3006D38FB /* WebSocket.swift */,
				5B07224521CCE3BC00C2831A /* AppDelegate.swift */,
				5B07224721CCE3BC00C2831A /* ViewController.swift */,
				5B07224921CCE3BD00C2831A /* Assets.xcassets */,
				5B07224B21CCE3BD00C2831A /* Main.storyboard */,
				5B07224E21CCE3BD00C2831A /* Info.plist */,
				5B07224F21CCE3BD00C2831A /* FHIRcastAdapter_macOS.entitlements */,
			);
			path = FHIRcastAdapter_macOS;
			sourceTree = "<group>";
		};
		5B40CA3121CEA447006D38FB /* Frameworks */ = {
			isa = PBXGroup;
			children = (
				5B40CA3221CEA447006D38FB /* libz.tbd */,
			);
			name = Frameworks;
			sourceTree = "<group>";
		};
/* End PBXGroup section */

/* Begin PBXNativeTarget section */
		5B07224121CCE3BC00C2831A /* FHIRcastAdapter_macOS */ = {
			isa = PBXNativeTarget;
			buildConfigurationList = 5B07225221CCE3BD00C2831A /* Build configuration list for PBXNativeTarget "FHIRcastAdapter_macOS" */;
			buildPhases = (
				5B07223E21CCE3BC00C2831A /* Sources */,
				5B07223F21CCE3BC00C2831A /* Frameworks */,
				5B07224021CCE3BC00C2831A /* Resources */,
			);
			buildRules = (
			);
			dependencies = (
			);
			name = FHIRcastAdapter_macOS;
			productName = FHIRcastAdapter_macOS;
			productReference = 5B07224221CCE3BC00C2831A /* FHIRcastAdapter_macOS.app */;
			productType = "com.apple.product-type.application";
		};
/* End PBXNativeTarget section */

/* Begin PBXProject section */
		5B07223A21CCE3BC00C2831A /* Project object */ = {
			isa = PBXProject;
			attributes = {
				LastSwiftUpdateCheck = 1010;
				LastUpgradeCheck = 1010;
				ORGANIZATIONNAME = "Martin Bellehumeur";
				TargetAttributes = {
					5B07224121CCE3BC00C2831A = {
						CreatedOnToolsVersion = 10.1;
					};
				};
			};
			buildConfigurationList = 5B07223D21CCE3BC00C2831A /* Build configuration list for PBXProject "FHIRcastAdapter_macOS" */;
			compatibilityVersion = "Xcode 9.3";
			developmentRegion = en;
			hasScannedForEncodings = 0;
			knownRegions = (
				en,
				Base,
			);
			mainGroup = 5B07223921CCE3BC00C2831A;
			productRefGroup = 5B07224321CCE3BC00C2831A /* Products */;
			projectDirPath = "";
			projectRoot = "";
			targets = (
				5B07224121CCE3BC00C2831A /* FHIRcastAdapter_macOS */,
			);
		};
/* End PBXProject section */

/* Begin PBXResourcesBuildPhase section */
		5B07224021CCE3BC00C2831A /* Resources */ = {
			isa = PBXResourcesBuildPhase;
			buildActionMask = 2147483647;
			files = (
				5B07224A21CCE3BD00C2831A /* Assets.xcassets in Resources */,
				5B07224D21CCE3BD00C2831A /* Main.storyboard in Resources */,
			);
			runOnlyForDeploymentPostprocessing = 0;
		};
/* End PBXResourcesBuildPhase section */

/* Begin PBXSourcesBuildPhase section */
		5B07223E21CCE3BC00C2831A /* Sources */ = {
			isa = PBXSourcesBuildPhase;
			buildActionMask = 2147483647;
			files = (
				5B07224821CCE3BC00C2831A /* ViewController.swift in Sources */,
				5B40CA3521CEA4D4006D38FB /* WebSocket.swift in Sources */,
				5B07224621CCE3BC00C2831A /* AppDelegate.swift in Sources */,
			);
			runOnlyForDeploymentPostprocessing = 0;
		};
/* End PBXSourcesBuildPhase section */

/* Begin PBXVariantGroup section */
		5B07224B21CCE3BD00C2831A /* Main.storyboard */ = {
			isa = PBXVariantGroup;
			children = (
				5B07224C21CCE3BD00C2831A /* Base */,
			);
			name = Main.storyboard;
			sourceTree = "<group>";
		};
/* End PBXVariantGroup section */

/* Begin XCBuildConfiguration section */
		5B07225021CCE3BD00C2831A /* Debug */ = {
			isa = XCBuildConfiguration;
			buildSettings = {
				ALWAYS_SEARCH_USER_PATHS = NO;
				CLANG_ANALYZER_NONNULL = YES;
				CLANG_ANALYZER_NUMBER_OBJECT_CONVERSION = YES_AGGRESSIVE;
				CLANG_CXX_LANGUAGE_STANDARD = "gnu++14";
				CLANG_CXX_LIBRARY = "libc++";
				CLANG_ENABLE_MODULES = YES;
				CLANG_ENABLE_OBJC_ARC = YES;
				CLANG_ENABLE_OBJC_WEAK = YES;
				CLANG_WARN_BLOCK_CAPTURE_AUTORELEASING = YES;
				CLANG_WARN_BOOL_CONVERSION = YES;
				CLANG_WARN_COMMA = YES;
				CLANG_WARN_CONSTANT_CONVERSION = YES;
				CLANG_WARN_DEPRECATED_OBJC_IMPLEMENTATIONS = YES;
				CLANG_WARN_DIRECT_OBJC_ISA_USAGE = YES_ERROR;
				CLANG_WARN_DOCUMENTATION_COMMENTS = YES;
				CLANG_WARN_EMPTY_BODY = YES;
				CLANG_WARN_ENUM_CONVERSION = YES;
				CLANG_WARN_INFINITE_RECURSION = YES;
				CLANG_WARN_INT_CONVERSION = YES;
				CLANG_WARN_NON_LITERAL_NULL_CONVERSION = YES;
				CLANG_WARN_OBJC_IMPLICIT_RETAIN_SELF = YES;
				CLANG_WARN_OBJC_LITERAL_CONVERSION = YES;
				CLANG_WARN_OBJC_ROOT_CLASS = YES_ERROR;
				CLANG_WARN_RANGE_LOOP_ANALYSIS = YES;
				CLANG_WARN_STRICT_PROTOTYPES = YES;
				CLANG_WARN_SUSPICIOUS_MOVE = YES;
				CLANG_WARN_UNGUARDED_AVAILABILITY = YES_AGGRESSIVE;
				CLANG_WARN_UNREACHABLE_CODE = YES;
				CLANG_WARN__DUPLICATE_METHOD_MATCH = YES;
				CODE_SIGN_IDENTITY = "Mac Developer";
				COPY_PHASE_STRIP = NO;
				DEBUG_INFORMATION_FORMAT = dwarf;
				ENABLE_STRICT_OBJC_MSGSEND = YES;
				ENABLE_TESTABILITY = YES;
				GCC_C_LANGUAGE_STANDARD = gnu11;
				GCC_DYNAMIC_NO_PIC = NO;
				GCC_NO_COMMON_BLOCKS = YES;
				GCC_OPTIMIZATION_LEVEL = 0;
				GCC_PREPROCESSOR_DEFINITIONS = (
					"DEBUG=1",
					"$(inherited)",
				);
				GCC_WARN_64_TO_32_BIT_CONVERSION = YES;
				GCC_WARN_ABOUT_RETURN_TYPE = YES_ERROR;
				GCC_WARN_UNDECLARED_SELECTOR = YES;
				GCC_WARN_UNINITIALIZED_AUTOS = YES_AGGRESSIVE;
				GCC_WARN_UNUSED_FUNCTION = YES;
				GCC_WARN_UNUSED_VARIABLE = YES;
				MACOSX_DEPLOYMENT_TARGET = 10.14;
				MTL_ENABLE_DEBUG_INFO = INCLUDE_SOURCE;
				MTL_FAST_MATH = YES;
				ONLY_ACTIVE_ARCH = YES;
				SDKROOT = macosx;
				SWIFT_ACTIVE_COMPILATION_CONDITIONS = DEBUG;
				SWIFT_OPTIMIZATION_LEVEL = "-Onone";
			};
			name = Debug;
		};
		5B07225121CCE3BD00C2831A /* Release */ = {
			isa = XCBuildConfiguration;
			buildSettings = {
				ALWAYS_SEARCH_USER_PATHS = NO;
				CLANG_ANALYZER_NONNULL = YES;
				CLANG_ANALYZER_NUMBER_OBJECT_CONVERSION = YES_AGGRESSIVE;
				CLANG_CXX_LANGUAGE_STANDARD = "gnu++14";
				CLANG_CXX_LIBRARY = "libc++";
				CLANG_ENABLE_MODULES = YES;
				CLANG_ENABLE_OBJC_ARC = YES;
				CLANG_ENABLE_OBJC_WEAK = YES;
				CLANG_WARN_BLOCK_CAPTURE_AUTORELEASING = YES;
				CLANG_WARN_BOOL_CONVERSION = YES;
				CLANG_WARN_COMMA = YES;
				CLANG_WARN_CONSTANT_CONVERSION = YES;
				CLANG_WARN_DEPRECATED_OBJC_IMPLEMENTATIONS = YES;
				CLANG_WARN_DIRECT_OBJC_ISA_USAGE = YES_ERROR;
				CLANG_WARN_DOCUMENTATION_COMMENTS = YES;
				CLANG_WARN_EMPTY_BODY = YES;
				CLANG_WARN_ENUM_CONVERSION = YES;
				CLANG_WARN_INFINITE_RECURSION = YES;
				CLANG_WARN_INT_CONVERSION = YES;
				CLANG_WARN_NON_LITERAL_NULL_CONVERSION = YES;
				CLANG_WARN_OBJC_IMPLICIT_RETAIN_SELF = YES;
				CLANG_WARN_OBJC_LITERAL_CONVERSION = YES;
				CLANG_WARN_OBJC_ROOT_CLASS = YES_ERROR;
				CLANG_WARN_RANGE_LOOP_ANALYSIS = YES;
				CLANG_WARN_STRICT_PROTOTYPES = YES;
				CLANG_WARN_SUSPICIOUS_MOVE = YES;
				CLANG_WARN_UNGUARDED_AVAILABILITY = YES_AGGRESSIVE;
				CLANG_WARN_UNREACHABLE_CODE = YES;
				CLANG_WARN__DUPLICATE_METHOD_MATCH = YES;
				CODE_SIGN_IDENTITY = "Mac Developer";
				COPY_PHASE_STRIP = NO;
				DEBUG_INFORMATION_FORMAT = "dwarf-with-dsym";
				ENABLE_NS_ASSERTIONS = NO;
				ENABLE_STRICT_OBJC_MSGSEND = YES;
				GCC_C_LANGUAGE_STANDARD = gnu11;
				GCC_NO_COMMON_BLOCKS = YES;
				GCC_WARN_64_TO_32_BIT_CONVERSION = YES;
				GCC_WARN_ABOUT_RETURN_TYPE = YES_ERROR;
				GCC_WARN_UNDECLARED_SELECTOR = YES;
				GCC_WARN_UNINITIALIZED_AUTOS = YES_AGGRESSIVE;
				GCC_WARN_UNUSED_FUNCTION = YES;
				GCC_WARN_UNUSED_VARIABLE = YES;
				MACOSX_DEPLOYMENT_TARGET = 10.14;
				MTL_ENABLE_DEBUG_INFO = NO;
				MTL_FAST_MATH = YES;
				SDKROOT = macosx;
				SWIFT_COMPILATION_MODE = wholemodule;
				SWIFT_OPTIMIZATION_LEVEL = "-O";
			};
			name = Release;
		};
		5B07225321CCE3BD00C2831A /* Debug */ = {
			isa = XCBuildConfiguration;
			buildSettings = {
				ASSETCATALOG_COMPILER_APPICON_NAME = AppIcon;
				CODE_SIGN_ENTITLEMENTS = FHIRcastAdapter_macOS/FHIRcastAdapter_macOS.entitlements;
				CODE_SIGN_STYLE = Automatic;
				COMBINE_HIDPI_IMAGES = YES;
				DEVELOPMENT_TEAM = 33VU2A9WBX;
				INFOPLIST_FILE = FHIRcastAdapter_macOS/Info.plist;
				LD_RUNPATH_SEARCH_PATHS = (
					"$(inherited)",
					"@executable_path/../Frameworks",
				);
				PRODUCT_BUNDLE_IDENTIFIER = "SHC.FHIRcastAdapter-macOS";
				PRODUCT_NAME = "$(TARGET_NAME)";
				SWIFT_VERSION = 4.2;
			};
			name = Debug;
		};
		5B07225421CCE3BD00C2831A /* Release */ = {
			isa = XCBuildConfiguration;
			buildSettings = {
				ASSETCATALOG_COMPILER_APPICON_NAME = AppIcon;
				CODE_SIGN_ENTITLEMENTS = FHIRcastAdapter_macOS/FHIRcastAdapter_macOS.entitlements;
				CODE_SIGN_STYLE = Automatic;
				COMBINE_HIDPI_IMAGES = YES;
				DEVELOPMENT_TEAM = 33VU2A9WBX;
				INFOPLIST_FILE = FHIRcastAdapter_macOS/Info.plist;
				LD_RUNPATH_SEARCH_PATHS = (
					"$(inherited)",
					"@executable_path/../Frameworks",
				);
				PRODUCT_BUNDLE_IDENTIFIER = "SHC.FHIRcastAdapter-macOS";
				PRODUCT_NAME = "$(TARGET_NAME)";
				SWIFT_VERSION = 4.2;
			};
			name = Release;
		};
/* End XCBuildConfiguration section */

/* Begin XCConfigurationList section */
		5B07223D21CCE3BC00C2831A /* Build configuration list for PBXProject "FHIRcastAdapter_macOS" */ = {
			isa = XCConfigurationList;
			buildConfigurations = (
				5B07225021CCE3BD00C2831A /* Debug */,
				5B07225121CCE3BD00C2831A /* Release */,
			);
			defaultConfigurationIsVisible = 0;
			defaultConfigurationName = Release;
		};
		5B07225221CCE3BD00C2831A /* Build configuration list for PBXNativeTarget "FHIRcastAdapter_macOS" */ = {
			isa = XCConfigurationList;
			buildConfigurations = (
				5B07225321CCE3BD00C2831A /* Debug */,
				5B07225421CCE3BD00C2831A /* Release */,
			);
			defaultConfigurationIsVisible = 0;
			defaultConfigurationName = Release;
		};
/* End XCConfigurationList section */
	};
	rootObject = 5B07223A21CCE3BC00C2831A /* Project object */;
}
